{
  "name": "Ecomverse Pinterest Bulk Pin (file github)",
  "lockfileVersion": 3,
  "requires": true,
  "packages": {
    "": {
      "name": "Ecomverse Pinterest Bulk Pin (file github)",
      "dependencies": {
        "papaparse": "^5.5.3"
      }
    },
    "node_modules/papaparse": {
      "version": "5.5.3",
      "resolved": "https://registry.npmjs.org/papaparse/-/papaparse-5.5.3.tgz",
      "integrity": "sha512-5QvjGxYVjxO59MGU2lHVYpRWBBtKHnlIAcSe1uNFCkkptUh63NFRj0FJQm7nR67puEruUci/ZkjmEFrjCAyP4A==",
      "license": "MIT"
    }
  }
}
